// !$*UTF8*$!
{
	archiveVersion = 1;
	classes = {
	};
	objectVersion = 56;
	objects = {

/* Begin PBXBuildFile section */
		074BFE232B8790810068A63B /* proyectos Extension.appex in Embed Foundation Extensions */ = {isa = PBXBuildFile; fileRef = 84961AAB2B51C39C000471F8 /* proyectos Extension.appex */; settings = {ATTRIBUTES = (RemoveHeadersOnCopy, ); }; };
		074BFE272B87908A0068A63B /* proyectos Extension.appex in Embed Foundation Extensions */ = {isa = PBXBuildFile; fileRef = 84961AB52B51C39C000471F8 /* proyectos Extension.appex */; settings = {ATTRIBUTES = (RemoveHeadersOnCopy, ); }; };
		8467C6662B5599DA00B682F9 /* background.js in Resources */ = {isa = PBXBuildFile; fileRef = 8467C6652B5599DA00B682F9 /* background.js */; };
		8467C6672B5599DA00B682F9 /* background.js in Resources */ = {isa = PBXBuildFile; fileRef = 8467C6652B5599DA00B682F9 /* background.js */; };
		8467C6682B5599DA00B682F9 /* background.js in Resources */ = {isa = PBXBuildFile; fileRef = 8467C6652B5599DA00B682F9 /* background.js */; };
		8467C66A2B55B4FA00B682F9 /* icon.png in Resources */ = {isa = PBXBuildFile; fileRef = 8467C6692B55B4FA00B682F9 /* icon.png */; };
		8467C66B2B55B4FA00B682F9 /* icon.png in Resources */ = {isa = PBXBuildFile; fileRef = 8467C6692B55B4FA00B682F9 /* icon.png */; };
		8467C66C2B55B4FA00B682F9 /* icon.png in Resources */ = {isa = PBXBuildFile; fileRef = 8467C6692B55B4FA00B682F9 /* icon.png */; };
		84961A902B51C39C000471F8 /* AppDelegate.swift in Sources */ = {isa = PBXBuildFile; fileRef = 84961A8F2B51C39C000471F8 /* AppDelegate.swift */; };
		84961A922B51C39C000471F8 /* SceneDelegate.swift in Sources */ = {isa = PBXBuildFile; fileRef = 84961A912B51C39C000471F8 /* SceneDelegate.swift */; };
		84961A952B51C39C000471F8 /* LaunchScreen.storyboard in Resources */ = {isa = PBXBuildFile; fileRef = 84961A932B51C39C000471F8 /* LaunchScreen.storyboard */; };
		84961A982B51C39C000471F8 /* Main.storyboard in Resources */ = {isa = PBXBuildFile; fileRef = 84961A962B51C39C000471F8 /* Main.storyboard */; };
		84961AA12B51C39C000471F8 /* AppDelegate.swift in Sources */ = {isa = PBXBuildFile; fileRef = 84961AA02B51C39C000471F8 /* AppDelegate.swift */; };
		84961AA42B51C39C000471F8 /* Main.storyboard in Resources */ = {isa = PBXBuildFile; fileRef = 84961AA22B51C39C000471F8 /* Main.storyboard */; };
		84961ABC2B51C39C000471F8 /* Main.html in Resources */ = {isa = PBXBuildFile; fileRef = 84961A7F2B51C39B000471F8 /* Main.html */; };
		84961ABD2B51C39C000471F8 /* Main.html in Resources */ = {isa = PBXBuildFile; fileRef = 84961A7F2B51C39B000471F8 /* Main.html */; };
		84961AC02B51C39C000471F8 /* Style.css in Resources */ = {isa = PBXBuildFile; fileRef = 84961A822B51C39B000471F8 /* Style.css */; };
		84961AC12B51C39C000471F8 /* Style.css in Resources */ = {isa = PBXBuildFile; fileRef = 84961A822B51C39B000471F8 /* Style.css */; };
		84961AC22B51C39C000471F8 /* Script.js in Resources */ = {isa = PBXBuildFile; fileRef = 84961A832B51C39B000471F8 /* Script.js */; };
		84961AC32B51C39C000471F8 /* Script.js in Resources */ = {isa = PBXBuildFile; fileRef = 84961A832B51C39B000471F8 /* Script.js */; };
		84961AC42B51C39C000471F8 /* ViewController.swift in Sources */ = {isa = PBXBuildFile; fileRef = 84961A842B51C39B000471F8 /* ViewController.swift */; };
		84961AC52B51C39C000471F8 /* ViewController.swift in Sources */ = {isa = PBXBuildFile; fileRef = 84961A842B51C39B000471F8 /* ViewController.swift */; };
		84961AC62B51C39C000471F8 /* Assets.xcassets in Resources */ = {isa = PBXBuildFile; fileRef = 84961A852B51C39C000471F8 /* Assets.xcassets */; };
		84961AC72B51C39C000471F8 /* Assets.xcassets in Resources */ = {isa = PBXBuildFile; fileRef = 84961A852B51C39C000471F8 /* Assets.xcassets */; };
		84961AC82B51C39C000471F8 /* SafariWebExtensionHandler.swift in Sources */ = {isa = PBXBuildFile; fileRef = 84961A872B51C39C000471F8 /* SafariWebExtensionHandler.swift */; };
		84961AC92B51C39C000471F8 /* SafariWebExtensionHandler.swift in Sources */ = {isa = PBXBuildFile; fileRef = 84961A872B51C39C000471F8 /* SafariWebExtensionHandler.swift */; };
		849CB1E62B605C4E00DAA4FD /* assets in Resources */ = {isa = PBXBuildFile; fileRef = 849CB1E52B605C4E00DAA4FD /* assets */; };
		849CB1E72B605C4E00DAA4FD /* assets in Resources */ = {isa = PBXBuildFile; fileRef = 849CB1E52B605C4E00DAA4FD /* assets */; };
		849CB1E82B605C4E00DAA4FD /* assets in Resources */ = {isa = PBXBuildFile; fileRef = 849CB1E52B605C4E00DAA4FD /* assets */; };
		84A06B4C2B51C3C10001C3BF /* images in Resources */ = {isa = PBXBuildFile; fileRef = 84A06B452B51C3C10001C3BF /* images */; };
		84A06B512B51C3C10001C3BF /* content.js in Resources */ = {isa = PBXBuildFile; fileRef = 84A06B4A2B51C3C10001C3BF /* content.js */; };
		84A06B632B51C73F0001C3BF /* content.js in Resources */ = {isa = PBXBuildFile; fileRef = 84A06B4A2B51C3C10001C3BF /* content.js */; };
		84A06B642B51C7420001C3BF /* images in Resources */ = {isa = PBXBuildFile; fileRef = 84A06B452B51C3C10001C3BF /* images */; };
		84A06B692B51CA980001C3BF /* content.js in Resources */ = {isa = PBXBuildFile; fileRef = 84A06B4A2B51C3C10001C3BF /* content.js */; };
		84A06B6A2B51CA9A0001C3BF /* images in Resources */ = {isa = PBXBuildFile; fileRef = 84A06B452B51C3C10001C3BF /* images */; };
		84A06B6C2B51CA9F0001C3BF /* manifest.json in Resources */ = {isa = PBXBuildFile; fileRef = 84A06B4B2B51C3C10001C3BF /* manifest.json */; };
		84B628482B640A1300A7DB27 /* _locales in Resources */ = {isa = PBXBuildFile; fileRef = 84B628472B640A1300A7DB27 /* _locales */; };
		84B628492B640A1400A7DB27 /* _locales in Resources */ = {isa = PBXBuildFile; fileRef = 84B628472B640A1300A7DB27 /* _locales */; };
		84B6284A2B640A1400A7DB27 /* _locales in Resources */ = {isa = PBXBuildFile; fileRef = 84B628472B640A1300A7DB27 /* _locales */; };
		84B628502B640A5C00A7DB27 /* asset-manifest.json in Resources */ = {isa = PBXBuildFile; fileRef = 84B6284F2B640A5C00A7DB27 /* asset-manifest.json */; };
		84B628512B640A5C00A7DB27 /* asset-manifest.json in Resources */ = {isa = PBXBuildFile; fileRef = 84B6284F2B640A5C00A7DB27 /* asset-manifest.json */; };
		84B628522B640A5C00A7DB27 /* asset-manifest.json in Resources */ = {isa = PBXBuildFile; fileRef = 84B6284F2B640A5C00A7DB27 /* asset-manifest.json */; };
		84B628542B640A6C00A7DB27 /* favicon.ico in Resources */ = {isa = PBXBuildFile; fileRef = 84B628532B640A6C00A7DB27 /* favicon.ico */; };
		84B628552B640A6C00A7DB27 /* favicon.ico in Resources */ = {isa = PBXBuildFile; fileRef = 84B628532B640A6C00A7DB27 /* favicon.ico */; };
		84B628562B640A6C00A7DB27 /* favicon.ico in Resources */ = {isa = PBXBuildFile; fileRef = 84B628532B640A6C00A7DB27 /* favicon.ico */; };
		84B628582B640A7500A7DB27 /* index.html in Resources */ = {isa = PBXBuildFile; fileRef = 84B628572B640A7500A7DB27 /* index.html */; };
		84B628592B640A7500A7DB27 /* index.html in Resources */ = {isa = PBXBuildFile; fileRef = 84B628572B640A7500A7DB27 /* index.html */; };
		84B6285A2B640A7500A7DB27 /* index.html in Resources */ = {isa = PBXBuildFile; fileRef = 84B628572B640A7500A7DB27 /* index.html */; };
		84B6285F2B640A7D00A7DB27 /* robots.txt in Resources */ = {isa = PBXBuildFile; fileRef = 84B6285B2B640A7D00A7DB27 /* robots.txt */; };
		84B628602B640A7D00A7DB27 /* robots.txt in Resources */ = {isa = PBXBuildFile; fileRef = 84B6285B2B640A7D00A7DB27 /* robots.txt */; };
		84B628612B640A7D00A7DB27 /* robots.txt in Resources */ = {isa = PBXBuildFile; fileRef = 84B6285B2B640A7D00A7DB27 /* robots.txt */; };
		84B628622B640A7D00A7DB27 /* manifest.json in Resources */ = {isa = PBXBuildFile; fileRef = 84B6285C2B640A7D00A7DB27 /* manifest.json */; };
		84B628632B640A7D00A7DB27 /* manifest.json in Resources */ = {isa = PBXBuildFile; fileRef = 84B6285C2B640A7D00A7DB27 /* manifest.json */; };
		84B628642B640A7D00A7DB27 /* manifest.json in Resources */ = {isa = PBXBuildFile; fileRef = 84B6285C2B640A7D00A7DB27 /* manifest.json */; };
		84B628652B640A7D00A7DB27 /* logo192.png in Resources */ = {isa = PBXBuildFile; fileRef = 84B6285D2B640A7D00A7DB27 /* logo192.png */; };
		84B628662B640A7D00A7DB27 /* logo192.png in Resources */ = {isa = PBXBuildFile; fileRef = 84B6285D2B640A7D00A7DB27 /* logo192.png */; };
		84B628672B640A7D00A7DB27 /* logo192.png in Resources */ = {isa = PBXBuildFile; fileRef = 84B6285D2B640A7D00A7DB27 /* logo192.png */; };
		84B628682B640A7D00A7DB27 /* logo512.png in Resources */ = {isa = PBXBuildFile; fileRef = 84B6285E2B640A7D00A7DB27 /* logo512.png */; };
		84B628692B640A7D00A7DB27 /* logo512.png in Resources */ = {isa = PBXBuildFile; fileRef = 84B6285E2B640A7D00A7DB27 /* logo512.png */; };
		84B6286A2B640A7D00A7DB27 /* logo512.png in Resources */ = {isa = PBXBuildFile; fileRef = 84B6285E2B640A7D00A7DB27 /* logo512.png */; };
		84B6286C2B640A8300A7DB27 /* static in Resources */ = {isa = PBXBuildFile; fileRef = 84B6286B2B640A8300A7DB27 /* static */; };
		84B6286D2B640A8300A7DB27 /* static in Resources */ = {isa = PBXBuildFile; fileRef = 84B6286B2B640A8300A7DB27 /* static */; };
		84B6286E2B640A8300A7DB27 /* static in Resources */ = {isa = PBXBuildFile; fileRef = 84B6286B2B640A8300A7DB27 /* static */; };
		84B688F82B7451FB00CD9133 /* 276.content.bundle.js in Resources */ = {isa = PBXBuildFile; fileRef = 84B688F62B7451FB00CD9133 /* 276.content.bundle.js */; };
		84B688F92B7451FB00CD9133 /* 276.content.bundle.js in Resources */ = {isa = PBXBuildFile; fileRef = 84B688F62B7451FB00CD9133 /* 276.content.bundle.js */; };
		84B688FA2B7451FB00CD9133 /* 276.content.bundle.js in Resources */ = {isa = PBXBuildFile; fileRef = 84B688F62B7451FB00CD9133 /* 276.content.bundle.js */; };
		84B688FB2B7451FB00CD9133 /* content.bundle.js in Resources */ = {isa = PBXBuildFile; fileRef = 84B688F72B7451FB00CD9133 /* content.bundle.js */; };
		84B688FC2B7451FB00CD9133 /* content.bundle.js in Resources */ = {isa = PBXBuildFile; fileRef = 84B688F72B7451FB00CD9133 /* content.bundle.js */; };
		84B688FD2B7451FB00CD9133 /* content.bundle.js in Resources */ = {isa = PBXBuildFile; fileRef = 84B688F72B7451FB00CD9133 /* content.bundle.js */; };
/* End PBXBuildFile section */

/* Begin PBXContainerItemProxy section */
		074BFE242B8790810068A63B /* PBXContainerItemProxy */ = {
			isa = PBXContainerItemProxy;
			containerPortal = 84961A792B51C39B000471F8 /* Project object */;
			proxyType = 1;
			remoteGlobalIDString = 84961AAA2B51C39C000471F8;
			remoteInfo = "ttm Extension (iOS)";
		};
		074BFE282B87908A0068A63B /* PBXContainerItemProxy */ = {
			isa = PBXContainerItemProxy;
			containerPortal = 84961A792B51C39B000471F8 /* Project object */;
			proxyType = 1;
			remoteGlobalIDString = 84961AB42B51C39C000471F8;
			remoteInfo = "ttm Extension (macOS)";
		};
/* End PBXContainerItemProxy section */

/* Begin PBXCopyFilesBuildPhase section */
		074BFE262B8790810068A63B /* Embed Foundation Extensions */ = {
			isa = PBXCopyFilesBuildPhase;
			buildActionMask = 2147483647;
			dstPath = "";
			dstSubfolderSpec = 13;
			files = (
				074BFE232B8790810068A63B /* proyectos Extension.appex in Embed Foundation Extensions */,
			);
			name = "Embed Foundation Extensions";
			runOnlyForDeploymentPostprocessing = 0;
		};
		074BFE2A2B87908A0068A63B /* Embed Foundation Extensions */ = {
			isa = PBXCopyFilesBuildPhase;
			buildActionMask = 2147483647;
			dstPath = "";
			dstSubfolderSpec = 13;
			files = (
				074BFE272B87908A0068A63B /* proyectos Extension.appex in Embed Foundation Extensions */,
			);
			name = "Embed Foundation Extensions";
			runOnlyForDeploymentPostprocessing = 0;
		};
/* End PBXCopyFilesBuildPhase section */

/* Begin PBXFileReference section */
		8467C6652B5599DA00B682F9 /* background.js */ = {isa = PBXFileReference; lastKnownFileType = sourcecode.javascript; path = background.js; sourceTree = "<group>"; };
		8467C6692B55B4FA00B682F9 /* icon.png */ = {isa = PBXFileReference; lastKnownFileType = image.png; path = icon.png; sourceTree = "<group>"; };
		84961A802B51C39B000471F8 /* Base */ = {isa = PBXFileReference; lastKnownFileType = text.html; name = Base; path = ../Base.lproj/Main.html; sourceTree = "<group>"; };
		84961A822B51C39B000471F8 /* Style.css */ = {isa = PBXFileReference; lastKnownFileType = text.css; path = Style.css; sourceTree = "<group>"; };
		84961A832B51C39B000471F8 /* Script.js */ = {isa = PBXFileReference; lastKnownFileType = sourcecode.javascript; path = Script.js; sourceTree = "<group>"; };
		84961A842B51C39B000471F8 /* ViewController.swift */ = {isa = PBXFileReference; lastKnownFileType = sourcecode.swift; path = ViewController.swift; sourceTree = "<group>"; };
		84961A852B51C39C000471F8 /* Assets.xcassets */ = {isa = PBXFileReference; lastKnownFileType = folder.assetcatalog; path = Assets.xcassets; sourceTree = "<group>"; };
		84961A872B51C39C000471F8 /* SafariWebExtensionHandler.swift */ = {isa = PBXFileReference; lastKnownFileType = sourcecode.swift; path = SafariWebExtensionHandler.swift; sourceTree = "<group>"; };
		84961A8C2B51C39C000471F8 /* WebTimeMachine.app */ = {isa = PBXFileReference; explicitFileType = wrapper.application; includeInIndex = 0; path = WebTimeMachine.app; sourceTree = BUILT_PRODUCTS_DIR; };
		84961A8F2B51C39C000471F8 /* AppDelegate.swift */ = {isa = PBXFileReference; lastKnownFileType = sourcecode.swift; path = AppDelegate.swift; sourceTree = "<group>"; };
		84961A912B51C39C000471F8 /* SceneDelegate.swift */ = {isa = PBXFileReference; lastKnownFileType = sourcecode.swift; path = SceneDelegate.swift; sourceTree = "<group>"; };
		84961A942B51C39C000471F8 /* Base */ = {isa = PBXFileReference; lastKnownFileType = file.storyboard; name = Base; path = Base.lproj/LaunchScreen.storyboard; sourceTree = "<group>"; };
		84961A972B51C39C000471F8 /* Base */ = {isa = PBXFileReference; lastKnownFileType = file.storyboard; name = Base; path = Base.lproj/Main.storyboard; sourceTree = "<group>"; };
		84961A992B51C39C000471F8 /* Info.plist */ = {isa = PBXFileReference; lastKnownFileType = text.plist.xml; path = Info.plist; sourceTree = "<group>"; };
		84961A9E2B51C39C000471F8 /* WebTimeMachine.app */ = {isa = PBXFileReference; explicitFileType = wrapper.application; includeInIndex = 0; path = WebTimeMachine.app; sourceTree = BUILT_PRODUCTS_DIR; };
		84961AA02B51C39C000471F8 /* AppDelegate.swift */ = {isa = PBXFileReference; lastKnownFileType = sourcecode.swift; path = AppDelegate.swift; sourceTree = "<group>"; };
		84961AA32B51C39C000471F8 /* Base */ = {isa = PBXFileReference; lastKnownFileType = file.storyboard; name = Base; path = Base.lproj/Main.storyboard; sourceTree = "<group>"; };
		84961AA52B51C39C000471F8 /* Info.plist */ = {isa = PBXFileReference; lastKnownFileType = text.plist.xml; path = Info.plist; sourceTree = "<group>"; };
		84961AA62B51C39C000471F8 /* proyectos.entitlements */ = {isa = PBXFileReference; lastKnownFileType = text.plist.entitlements; path = proyectos.entitlements; sourceTree = "<group>"; };
		84961AAB2B51C39C000471F8 /* proyectos Extension.appex */ = {isa = PBXFileReference; explicitFileType = "wrapper.app-extension"; includeInIndex = 0; path = "proyectos Extension.appex"; sourceTree = BUILT_PRODUCTS_DIR; };
		84961AB02B51C39C000471F8 /* Info.plist */ = {isa = PBXFileReference; lastKnownFileType = text.plist.xml; path = Info.plist; sourceTree = "<group>"; };
		84961AB52B51C39C000471F8 /* proyectos Extension.appex */ = {isa = PBXFileReference; explicitFileType = "wrapper.app-extension"; includeInIndex = 0; path = "proyectos Extension.appex"; sourceTree = BUILT_PRODUCTS_DIR; };
		84961ABA2B51C39C000471F8 /* Info.plist */ = {isa = PBXFileReference; lastKnownFileType = text.plist.xml; path = Info.plist; sourceTree = "<group>"; };
		84961ABB2B51C39C000471F8 /* proyectos.entitlements */ = {isa = PBXFileReference; lastKnownFileType = text.plist.entitlements; path = proyectos.entitlements; sourceTree = "<group>"; };
		849CB1E52B605C4E00DAA4FD /* assets */ = {isa = PBXFileReference; lastKnownFileType = folder; path = assets; sourceTree = "<group>"; };
		84A06B452B51C3C10001C3BF /* images */ = {isa = PBXFileReference; lastKnownFileType = folder; path = images; sourceTree = "<group>"; };
		84A06B4A2B51C3C10001C3BF /* content.js */ = {isa = PBXFileReference; fileEncoding = 4; lastKnownFileType = sourcecode.javascript; path = content.js; sourceTree = "<group>"; };
		84A06B4B2B51C3C10001C3BF /* manifest.json */ = {isa = PBXFileReference; fileEncoding = 4; lastKnownFileType = text.json; path = manifest.json; sourceTree = "<group>"; };
		84B628472B640A1300A7DB27 /* _locales */ = {isa = PBXFileReference; lastKnownFileType = folder; path = _locales; sourceTree = "<group>"; };
		84B6284F2B640A5C00A7DB27 /* asset-manifest.json */ = {isa = PBXFileReference; fileEncoding = 4; lastKnownFileType = text.json; path = "asset-manifest.json"; sourceTree = "<group>"; };
		84B628532B640A6C00A7DB27 /* favicon.ico */ = {isa = PBXFileReference; lastKnownFileType = image.ico; path = favicon.ico; sourceTree = "<group>"; };
		84B628572B640A7500A7DB27 /* index.html */ = {isa = PBXFileReference; fileEncoding = 4; lastKnownFileType = text.html; path = index.html; sourceTree = "<group>"; };
		84B6285B2B640A7D00A7DB27 /* robots.txt */ = {isa = PBXFileReference; fileEncoding = 4; lastKnownFileType = text; path = robots.txt; sourceTree = "<group>"; };
		84B6285C2B640A7D00A7DB27 /* manifest.json */ = {isa = PBXFileReference; fileEncoding = 4; lastKnownFileType = text.json; path = manifest.json; sourceTree = "<group>"; };
		84B6285D2B640A7D00A7DB27 /* logo192.png */ = {isa = PBXFileReference; lastKnownFileType = image.png; path = logo192.png; sourceTree = "<group>"; };
		84B6285E2B640A7D00A7DB27 /* logo512.png */ = {isa = PBXFileReference; lastKnownFileType = image.png; path = logo512.png; sourceTree = "<group>"; };
		84B6286B2B640A8300A7DB27 /* static */ = {isa = PBXFileReference; lastKnownFileType = folder; path = static; sourceTree = "<group>"; };
		84B688F62B7451FB00CD9133 /* 276.content.bundle.js */ = {isa = PBXFileReference; fileEncoding = 4; lastKnownFileType = sourcecode.javascript; path = 276.content.bundle.js; sourceTree = "<group>"; };
		84B688F72B7451FB00CD9133 /* content.bundle.js */ = {isa = PBXFileReference; fileEncoding = 4; lastKnownFileType = sourcecode.javascript; path = content.bundle.js; sourceTree = "<group>"; };
/* End PBXFileReference section */

/* Begin PBXFrameworksBuildPhase section */
		84961A892B51C39C000471F8 /* Frameworks */ = {
			isa = PBXFrameworksBuildPhase;
			buildActionMask = 2147483647;
			files = (
			);
			runOnlyForDeploymentPostprocessing = 0;
		};
		84961A9B2B51C39C000471F8 /* Frameworks */ = {
			isa = PBXFrameworksBuildPhase;
			buildActionMask = 2147483647;
			files = (
			);
			runOnlyForDeploymentPostprocessing = 0;
		};
		84961AA82B51C39C000471F8 /* Frameworks */ = {
			isa = PBXFrameworksBuildPhase;
			buildActionMask = 2147483647;
			files = (
			);
			runOnlyForDeploymentPostprocessing = 0;
		};
		84961AB22B51C39C000471F8 /* Frameworks */ = {
			isa = PBXFrameworksBuildPhase;
			buildActionMask = 2147483647;
			files = (
			);
			runOnlyForDeploymentPostprocessing = 0;
		};
/* End PBXFrameworksBuildPhase section */

/* Begin PBXGroup section */
		074BFE222B8790810068A63B /* Frameworks */ = {
			isa = PBXGroup;
			children = (
			);
			name = Frameworks;
			sourceTree = "<group>";
		};
		84961A782B51C39B000471F8 = {
			isa = PBXGroup;
			children = (
				84961A7D2B51C39B000471F8 /* Shared (App) */,
				84961A862B51C39C000471F8 /* Shared (Extension) */,
				84961A8E2B51C39C000471F8 /* iOS (App) */,
				84961A9F2B51C39C000471F8 /* macOS (App) */,
				84961AAF2B51C39C000471F8 /* iOS (Extension) */,
				84961AB92B51C39C000471F8 /* macOS (Extension) */,
				84961A8D2B51C39C000471F8 /* Products */,
				074BFE222B8790810068A63B /* Frameworks */,
			);
			sourceTree = "<group>";
		};
		84961A7D2B51C39B000471F8 /* Shared (App) */ = {
			isa = PBXGroup;
			children = (
				84961A842B51C39B000471F8 /* ViewController.swift */,
				84961A852B51C39C000471F8 /* Assets.xcassets */,
				84961A7E2B51C39B000471F8 /* Resources */,
			);
			path = "Shared (App)";
			sourceTree = "<group>";
		};
		84961A7E2B51C39B000471F8 /* Resources */ = {
			isa = PBXGroup;
			children = (
				8467C6692B55B4FA00B682F9 /* icon.png */,
				84961A7F2B51C39B000471F8 /* Main.html */,
				84961A822B51C39B000471F8 /* Style.css */,
				84961A832B51C39B000471F8 /* Script.js */,
			);
			path = Resources;
			sourceTree = "<group>";
		};
		84961A862B51C39C000471F8 /* Shared (Extension) */ = {
			isa = PBXGroup;
			children = (
				84961ADA2B51C39C000471F8 /* Resources */,
				84961A872B51C39C000471F8 /* SafariWebExtensionHandler.swift */,
			);
			path = "Shared (Extension)";
			sourceTree = "<group>";
		};
		84961A8D2B51C39C000471F8 /* Products */ = {
			isa = PBXGroup;
			children = (
				84961A8C2B51C39C000471F8 /* WebTimeMachine.app */,
				84961A9E2B51C39C000471F8 /* WebTimeMachine.app */,
				84961AAB2B51C39C000471F8 /* proyectos Extension.appex */,
				84961AB52B51C39C000471F8 /* proyectos Extension.appex */,
			);
			name = Products;
			sourceTree = "<group>";
		};
		84961A8E2B51C39C000471F8 /* iOS (App) */ = {
			isa = PBXGroup;
			children = (
				84961A8F2B51C39C000471F8 /* AppDelegate.swift */,
				84961A912B51C39C000471F8 /* SceneDelegate.swift */,
				84961A932B51C39C000471F8 /* LaunchScreen.storyboard */,
				84961A962B51C39C000471F8 /* Main.storyboard */,
				84961A992B51C39C000471F8 /* Info.plist */,
			);
			path = "iOS (App)";
			sourceTree = "<group>";
		};
		84961A9F2B51C39C000471F8 /* macOS (App) */ = {
			isa = PBXGroup;
			children = (
				84961AA02B51C39C000471F8 /* AppDelegate.swift */,
				84961AA22B51C39C000471F8 /* Main.storyboard */,
				84961AA52B51C39C000471F8 /* Info.plist */,
				84961AA62B51C39C000471F8 /* proyectos.entitlements */,
			);
			path = "macOS (App)";
			sourceTree = "<group>";
		};
		84961AAF2B51C39C000471F8 /* iOS (Extension) */ = {
			isa = PBXGroup;
			children = (
				84961AB02B51C39C000471F8 /* Info.plist */,
			);
			path = "iOS (Extension)";
			sourceTree = "<group>";
		};
		84961AB92B51C39C000471F8 /* macOS (Extension) */ = {
			isa = PBXGroup;
			children = (
				84961ABA2B51C39C000471F8 /* Info.plist */,
				84961ABB2B51C39C000471F8 /* proyectos.entitlements */,
			);
			path = "macOS (Extension)";
			sourceTree = "<group>";
		};
		84961ADA2B51C39C000471F8 /* Resources */ = {
			isa = PBXGroup;
			children = (
				849CB1E52B605C4E00DAA4FD /* assets */,
				84A06B4A2B51C3C10001C3BF /* content.js */,
				84A06B452B51C3C10001C3BF /* images */,
				84B6285D2B640A7D00A7DB27 /* logo192.png */,
				84B688F62B7451FB00CD9133 /* 276.content.bundle.js */,
				84B688F72B7451FB00CD9133 /* content.bundle.js */,
				84B6285E2B640A7D00A7DB27 /* logo512.png */,
				84A06B4B2B51C3C10001C3BF /* manifest.json */,
				84B628472B640A1300A7DB27 /* _locales */,
				8467C6652B5599DA00B682F9 /* background.js */,
				84B6284F2B640A5C00A7DB27 /* asset-manifest.json */,
				84B628532B640A6C00A7DB27 /* favicon.ico */,
				84B6286B2B640A8300A7DB27 /* static */,
				84B628572B640A7500A7DB27 /* index.html */,
				84B6285C2B640A7D00A7DB27 /* manifest.json */,
				84B6285B2B640A7D00A7DB27 /* robots.txt */,
			);
			name = Resources;
			path = "Shared (Extension)";
			sourceTree = SOURCE_ROOT;
		};
/* End PBXGroup section */

/* Begin PBXNativeTarget section */
		84961A8B2B51C39C000471F8 /* ttm (iOS) */ = {
			isa = PBXNativeTarget;
			buildConfigurationList = 84961AD02B51C39C000471F8 /* Build configuration list for PBXNativeTarget "ttm (iOS)" */;
			buildPhases = (
				84961A882B51C39C000471F8 /* Sources */,
				84961A892B51C39C000471F8 /* Frameworks */,
				84961A8A2B51C39C000471F8 /* Resources */,
				074BFE262B8790810068A63B /* Embed Foundation Extensions */,
			);
			buildRules = (
			);
			dependencies = (
				074BFE252B8790810068A63B /* PBXTargetDependency */,
			);
			name = "ttm (iOS)";
			productName = "proyectos (iOS)";
			productReference = 84961A8C2B51C39C000471F8 /* WebTimeMachine.app */;
			productType = "com.apple.product-type.application";
		};
		84961A9D2B51C39C000471F8 /* ttm (macOS) */ = {
			isa = PBXNativeTarget;
			buildConfigurationList = 84961AD72B51C39C000471F8 /* Build configuration list for PBXNativeTarget "ttm (macOS)" */;
			buildPhases = (
				84961A9A2B51C39C000471F8 /* Sources */,
				84961A9B2B51C39C000471F8 /* Frameworks */,
				84961A9C2B51C39C000471F8 /* Resources */,
				074BFE2A2B87908A0068A63B /* Embed Foundation Extensions */,
			);
			buildRules = (
			);
			dependencies = (
				074BFE292B87908A0068A63B /* PBXTargetDependency */,
			);
			name = "ttm (macOS)";
			productName = "proyectos (macOS)";
			productReference = 84961A9E2B51C39C000471F8 /* WebTimeMachine.app */;
			productType = "com.apple.product-type.application";
		};
		84961AAA2B51C39C000471F8 /* ttm Extension (iOS) */ = {
			isa = PBXNativeTarget;
			buildConfigurationList = 84961ACC2B51C39C000471F8 /* Build configuration list for PBXNativeTarget "ttm Extension (iOS)" */;
			buildPhases = (
				84961AA72B51C39C000471F8 /* Sources */,
				84961AA82B51C39C000471F8 /* Frameworks */,
				84961AA92B51C39C000471F8 /* Resources */,
			);
			buildRules = (
			);
			dependencies = (
			);
			name = "ttm Extension (iOS)";
			productName = "proyectos Extension (iOS)";
			productReference = 84961AAB2B51C39C000471F8 /* proyectos Extension.appex */;
			productType = "com.apple.product-type.app-extension";
		};
		84961AB42B51C39C000471F8 /* ttm Extension (macOS) */ = {
			isa = PBXNativeTarget;
			buildConfigurationList = 84961AD32B51C39C000471F8 /* Build configuration list for PBXNativeTarget "ttm Extension (macOS)" */;
			buildPhases = (
				84961AB12B51C39C000471F8 /* Sources */,
				84961AB22B51C39C000471F8 /* Frameworks */,
				84961AB32B51C39C000471F8 /* Resources */,
			);
			buildRules = (
			);
			dependencies = (
			);
			name = "ttm Extension (macOS)";
			productName = "proyectos Extension (macOS)";
			productReference = 84961AB52B51C39C000471F8 /* proyectos Extension.appex */;
			productType = "com.apple.product-type.app-extension";
		};
/* End PBXNativeTarget section */

/* Begin PBXProject section */
		84961A792B51C39B000471F8 /* Project object */ = {
			isa = PBXProject;
			attributes = {
				BuildIndependentTargetsInParallel = 1;
				LastSwiftUpdateCheck = 1520;
				LastUpgradeCheck = 1520;
				TargetAttributes = {
					84961A8B2B51C39C000471F8 = {
						CreatedOnToolsVersion = 15.2;
					};
					84961A9D2B51C39C000471F8 = {
						CreatedOnToolsVersion = 15.2;
					};
					84961AAA2B51C39C000471F8 = {
						CreatedOnToolsVersion = 15.2;
					};
					84961AB42B51C39C000471F8 = {
						CreatedOnToolsVersion = 15.2;
					};
				};
			};
			buildConfigurationList = 84961A7C2B51C39B000471F8 /* Build configuration list for PBXProject "Web-Time-Machine" */;
			compatibilityVersion = "Xcode 14.0";
			developmentRegion = en;
			hasScannedForEncodings = 0;
			knownRegions = (
				en,
				Base,
			);
			mainGroup = 84961A782B51C39B000471F8;
			productRefGroup = 84961A8D2B51C39C000471F8 /* Products */;
			projectDirPath = "";
			projectRoot = "";
			targets = (
				84961A8B2B51C39C000471F8 /* ttm (iOS) */,
				84961A9D2B51C39C000471F8 /* ttm (macOS) */,
				84961AAA2B51C39C000471F8 /* ttm Extension (iOS) */,
				84961AB42B51C39C000471F8 /* ttm Extension (macOS) */,
			);
		};
/* End PBXProject section */

/* Begin PBXResourcesBuildPhase section */
		84961A8A2B51C39C000471F8 /* Resources */ = {
			isa = PBXResourcesBuildPhase;
			buildActionMask = 2147483647;
			files = (
				84961A952B51C39C000471F8 /* LaunchScreen.storyboard in Resources */,
				84961ABC2B51C39C000471F8 /* Main.html in Resources */,
				84B6285F2B640A7D00A7DB27 /* robots.txt in Resources */,
				84A06B512B51C3C10001C3BF /* content.js in Resources */,
				84B628622B640A7D00A7DB27 /* manifest.json in Resources */,
				8467C66A2B55B4FA00B682F9 /* icon.png in Resources */,
				84961AC22B51C39C000471F8 /* Script.js in Resources */,
				84B628682B640A7D00A7DB27 /* logo512.png in Resources */,
				84B628582B640A7500A7DB27 /* index.html in Resources */,
				8467C6662B5599DA00B682F9 /* background.js in Resources */,
				849CB1E62B605C4E00DAA4FD /* assets in Resources */,
				84A06B4C2B51C3C10001C3BF /* images in Resources */,
				84961AC62B51C39C000471F8 /* Assets.xcassets in Resources */,
				84B688FB2B7451FB00CD9133 /* content.bundle.js in Resources */,
				84B628502B640A5C00A7DB27 /* asset-manifest.json in Resources */,
				84961A982B51C39C000471F8 /* Main.storyboard in Resources */,
				84B688F82B7451FB00CD9133 /* 276.content.bundle.js in Resources */,
				84B6286C2B640A8300A7DB27 /* static in Resources */,
				84B628652B640A7D00A7DB27 /* logo192.png in Resources */,
				84B628482B640A1300A7DB27 /* _locales in Resources */,
				84961AC02B51C39C000471F8 /* Style.css in Resources */,
				84B628542B640A6C00A7DB27 /* favicon.ico in Resources */,
			);
			runOnlyForDeploymentPostprocessing = 0;
		};
		84961A9C2B51C39C000471F8 /* Resources */ = {
			isa = PBXResourcesBuildPhase;
			buildActionMask = 2147483647;
			files = (
				84961AC12B51C39C000471F8 /* Style.css in Resources */,
				84961AA42B51C39C000471F8 /* Main.storyboard in Resources */,
				84961AC32B51C39C000471F8 /* Script.js in Resources */,
				84961AC72B51C39C000471F8 /* Assets.xcassets in Resources */,
				84961ABD2B51C39C000471F8 /* Main.html in Resources */,
			);
			runOnlyForDeploymentPostprocessing = 0;
		};
		84961AA92B51C39C000471F8 /* Resources */ = {
			isa = PBXResourcesBuildPhase;
			buildActionMask = 2147483647;
			files = (
				84B688F92B7451FB00CD9133 /* 276.content.bundle.js in Resources */,
				8467C66B2B55B4FA00B682F9 /* icon.png in Resources */,
				84B628662B640A7D00A7DB27 /* logo192.png in Resources */,
				84B628512B640A5C00A7DB27 /* asset-manifest.json in Resources */,
				84B628552B640A6C00A7DB27 /* favicon.ico in Resources */,
				8467C6672B5599DA00B682F9 /* background.js in Resources */,
				84B688FC2B7451FB00CD9133 /* content.bundle.js in Resources */,
				84B628632B640A7D00A7DB27 /* manifest.json in Resources */,
				849CB1E72B605C4E00DAA4FD /* assets in Resources */,
				84B628592B640A7500A7DB27 /* index.html in Resources */,
				84A06B642B51C7420001C3BF /* images in Resources */,
				84B628602B640A7D00A7DB27 /* robots.txt in Resources */,
				84B6286D2B640A8300A7DB27 /* static in Resources */,
				84A06B632B51C73F0001C3BF /* content.js in Resources */,
				84B628492B640A1400A7DB27 /* _locales in Resources */,
				84B628692B640A7D00A7DB27 /* logo512.png in Resources */,
			);
			runOnlyForDeploymentPostprocessing = 0;
		};
		84961AB32B51C39C000471F8 /* Resources */ = {
			isa = PBXResourcesBuildPhase;
			buildActionMask = 2147483647;
			files = (
				84B688FA2B7451FB00CD9133 /* 276.content.bundle.js in Resources */,
				8467C66C2B55B4FA00B682F9 /* icon.png in Resources */,
				84B628672B640A7D00A7DB27 /* logo192.png in Resources */,
				84B628522B640A5C00A7DB27 /* asset-manifest.json in Resources */,
				84B628562B640A6C00A7DB27 /* favicon.ico in Resources */,
				8467C6682B5599DA00B682F9 /* background.js in Resources */,
				84B688FD2B7451FB00CD9133 /* content.bundle.js in Resources */,
				84B628642B640A7D00A7DB27 /* manifest.json in Resources */,
				849CB1E82B605C4E00DAA4FD /* assets in Resources */,
				84B6285A2B640A7500A7DB27 /* index.html in Resources */,
				84A06B6A2B51CA9A0001C3BF /* images in Resources */,
				84B628612B640A7D00A7DB27 /* robots.txt in Resources */,
				84B6286E2B640A8300A7DB27 /* static in Resources */,
				84A06B6C2B51CA9F0001C3BF /* manifest.json in Resources */,
				84B6284A2B640A1400A7DB27 /* _locales in Resources */,
				84A06B692B51CA980001C3BF /* content.js in Resources */,
				84B6286A2B640A7D00A7DB27 /* logo512.png in Resources */,
			);
			runOnlyForDeploymentPostprocessing = 0;
		};
/* End PBXResourcesBuildPhase section */

/* Begin PBXSourcesBuildPhase section */
		84961A882B51C39C000471F8 /* Sources */ = {
			isa = PBXSourcesBuildPhase;
			buildActionMask = 2147483647;
			files = (
				84961AC42B51C39C000471F8 /* ViewController.swift in Sources */,
				84961A902B51C39C000471F8 /* AppDelegate.swift in Sources */,
				84961A922B51C39C000471F8 /* SceneDelegate.swift in Sources */,
			);
			runOnlyForDeploymentPostprocessing = 0;
		};
		84961A9A2B51C39C000471F8 /* Sources */ = {
			isa = PBXSourcesBuildPhase;
			buildActionMask = 2147483647;
			files = (
				84961AC52B51C39C000471F8 /* ViewController.swift in Sources */,
				84961AA12B51C39C000471F8 /* AppDelegate.swift in Sources */,
			);
			runOnlyForDeploymentPostprocessing = 0;
		};
		84961AA72B51C39C000471F8 /* Sources */ = {
			isa = PBXSourcesBuildPhase;
			buildActionMask = 2147483647;
			files = (
				84961AC82B51C39C000471F8 /* SafariWebExtensionHandler.swift in Sources */,
			);
			runOnlyForDeploymentPostprocessing = 0;
		};
		84961AB12B51C39C000471F8 /* Sources */ = {
			isa = PBXSourcesBuildPhase;
			buildActionMask = 2147483647;
			files = (
				84961AC92B51C39C000471F8 /* SafariWebExtensionHandler.swift in Sources */,
			);
			runOnlyForDeploymentPostprocessing = 0;
		};
/* End PBXSourcesBuildPhase section */

/* Begin PBXTargetDependency section */
		074BFE252B8790810068A63B /* PBXTargetDependency */ = {
			isa = PBXTargetDependency;
			target = 84961AAA2B51C39C000471F8 /* ttm Extension (iOS) */;
			targetProxy = 074BFE242B8790810068A63B /* PBXContainerItemProxy */;
		};
		074BFE292B87908A0068A63B /* PBXTargetDependency */ = {
			isa = PBXTargetDependency;
			target = 84961AB42B51C39C000471F8 /* ttm Extension (macOS) */;
			targetProxy = 074BFE282B87908A0068A63B /* PBXContainerItemProxy */;
		};
/* End PBXTargetDependency section */

/* Begin PBXVariantGroup section */
		84961A7F2B51C39B000471F8 /* Main.html */ = {
			isa = PBXVariantGroup;
			children = (
				84961A802B51C39B000471F8 /* Base */,
			);
			name = Main.html;
			sourceTree = "<group>";
		};
		84961A932B51C39C000471F8 /* LaunchScreen.storyboard */ = {
			isa = PBXVariantGroup;
			children = (
				84961A942B51C39C000471F8 /* Base */,
			);
			name = LaunchScreen.storyboard;
			sourceTree = "<group>";
		};
		84961A962B51C39C000471F8 /* Main.storyboard */ = {
			isa = PBXVariantGroup;
			children = (
				84961A972B51C39C000471F8 /* Base */,
			);
			name = Main.storyboard;
			sourceTree = "<group>";
		};
		84961AA22B51C39C000471F8 /* Main.storyboard */ = {
			isa = PBXVariantGroup;
			children = (
				84961AA32B51C39C000471F8 /* Base */,
			);
			name = Main.storyboard;
			sourceTree = "<group>";
		};
/* End PBXVariantGroup section */

/* Begin XCBuildConfiguration section */
		84961ACA2B51C39C000471F8 /* Debug */ = {
			isa = XCBuildConfiguration;
			buildSettings = {
				ALWAYS_SEARCH_USER_PATHS = NO;
				ASSETCATALOG_COMPILER_GENERATE_SWIFT_ASSET_SYMBOL_EXTENSIONS = YES;
				CLANG_ANALYZER_NONNULL = YES;
				CLANG_ANALYZER_NUMBER_OBJECT_CONVERSION = YES_AGGRESSIVE;
				CLANG_CXX_LANGUAGE_STANDARD = "gnu++20";
				CLANG_ENABLE_MODULES = YES;
				CLANG_ENABLE_OBJC_ARC = YES;
				CLANG_ENABLE_OBJC_WEAK = YES;
				CLANG_WARN_BLOCK_CAPTURE_AUTORELEASING = YES;
				CLANG_WARN_BOOL_CONVERSION = YES;
				CLANG_WARN_COMMA = YES;
				CLANG_WARN_CONSTANT_CONVERSION = YES;
				CLANG_WARN_DEPRECATED_OBJC_IMPLEMENTATIONS = YES;
				CLANG_WARN_DIRECT_OBJC_ISA_USAGE = YES_ERROR;
				CLANG_WARN_DOCUMENTATION_COMMENTS = YES;
				CLANG_WARN_EMPTY_BODY = YES;
				CLANG_WARN_ENUM_CONVERSION = YES;
				CLANG_WARN_INFINITE_RECURSION = YES;
				CLANG_WARN_INT_CONVERSION = YES;
				CLANG_WARN_NON_LITERAL_NULL_CONVERSION = YES;
				CLANG_WARN_OBJC_IMPLICIT_RETAIN_SELF = YES;
				CLANG_WARN_OBJC_LITERAL_CONVERSION = YES;
				CLANG_WARN_OBJC_ROOT_CLASS = YES_ERROR;
				CLANG_WARN_QUOTED_INCLUDE_IN_FRAMEWORK_HEADER = YES;
				CLANG_WARN_RANGE_LOOP_ANALYSIS = YES;
				CLANG_WARN_STRICT_PROTOTYPES = YES;
				CLANG_WARN_SUSPICIOUS_MOVE = YES;
				CLANG_WARN_UNGUARDED_AVAILABILITY = YES_AGGRESSIVE;
				CLANG_WARN_UNREACHABLE_CODE = YES;
				CLANG_WARN__DUPLICATE_METHOD_MATCH = YES;
				COPY_PHASE_STRIP = NO;
				DEBUG_INFORMATION_FORMAT = dwarf;
				ENABLE_STRICT_OBJC_MSGSEND = YES;
				ENABLE_TESTABILITY = YES;
				ENABLE_USER_SCRIPT_SANDBOXING = YES;
				GCC_C_LANGUAGE_STANDARD = gnu17;
				GCC_DYNAMIC_NO_PIC = NO;
				GCC_NO_COMMON_BLOCKS = YES;
				GCC_OPTIMIZATION_LEVEL = 0;
				GCC_PREPROCESSOR_DEFINITIONS = (
					"DEBUG=1",
					"$(inherited)",
				);
				GCC_WARN_64_TO_32_BIT_CONVERSION = YES;
				GCC_WARN_ABOUT_RETURN_TYPE = YES_ERROR;
				GCC_WARN_UNDECLARED_SELECTOR = YES;
				GCC_WARN_UNINITIALIZED_AUTOS = YES_AGGRESSIVE;
				GCC_WARN_UNUSED_FUNCTION = YES;
				GCC_WARN_UNUSED_VARIABLE = YES;
				LOCALIZATION_PREFERS_STRING_CATALOGS = YES;
				MTL_ENABLE_DEBUG_INFO = INCLUDE_SOURCE;
				MTL_FAST_MATH = YES;
				ONLY_ACTIVE_ARCH = YES;
				PRODUCT_NAME = WebTimeMachine;
				SWIFT_ACTIVE_COMPILATION_CONDITIONS = "DEBUG $(inherited)";
				SWIFT_OPTIMIZATION_LEVEL = "-Onone";
			};
			name = Debug;
		};
		84961ACB2B51C39C000471F8 /* Release */ = {
			isa = XCBuildConfiguration;
			buildSettings = {
				ALWAYS_SEARCH_USER_PATHS = NO;
				ASSETCATALOG_COMPILER_GENERATE_SWIFT_ASSET_SYMBOL_EXTENSIONS = YES;
				CLANG_ANALYZER_NONNULL = YES;
				CLANG_ANALYZER_NUMBER_OBJECT_CONVERSION = YES_AGGRESSIVE;
				CLANG_CXX_LANGUAGE_STANDARD = "gnu++20";
				CLANG_ENABLE_MODULES = YES;
				CLANG_ENABLE_OBJC_ARC = YES;
				CLANG_ENABLE_OBJC_WEAK = YES;
				CLANG_WARN_BLOCK_CAPTURE_AUTORELEASING = YES;
				CLANG_WARN_BOOL_CONVERSION = YES;
				CLANG_WARN_COMMA = YES;
				CLANG_WARN_CONSTANT_CONVERSION = YES;
				CLANG_WARN_DEPRECATED_OBJC_IMPLEMENTATIONS = YES;
				CLANG_WARN_DIRECT_OBJC_ISA_USAGE = YES_ERROR;
				CLANG_WARN_DOCUMENTATION_COMMENTS = YES;
				CLANG_WARN_EMPTY_BODY = YES;
				CLANG_WARN_ENUM_CONVERSION = YES;
				CLANG_WARN_INFINITE_RECURSION = YES;
				CLANG_WARN_INT_CONVERSION = YES;
				CLANG_WARN_NON_LITERAL_NULL_CONVERSION = YES;
				CLANG_WARN_OBJC_IMPLICIT_RETAIN_SELF = YES;
				CLANG_WARN_OBJC_LITERAL_CONVERSION = YES;
				CLANG_WARN_OBJC_ROOT_CLASS = YES_ERROR;
				CLANG_WARN_QUOTED_INCLUDE_IN_FRAMEWORK_HEADER = YES;
				CLANG_WARN_RANGE_LOOP_ANALYSIS = YES;
				CLANG_WARN_STRICT_PROTOTYPES = YES;
				CLANG_WARN_SUSPICIOUS_MOVE = YES;
				CLANG_WARN_UNGUARDED_AVAILABILITY = YES_AGGRESSIVE;
				CLANG_WARN_UNREACHABLE_CODE = YES;
				CLANG_WARN__DUPLICATE_METHOD_MATCH = YES;
				COPY_PHASE_STRIP = NO;
				DEBUG_INFORMATION_FORMAT = "dwarf-with-dsym";
				ENABLE_NS_ASSERTIONS = NO;
				ENABLE_STRICT_OBJC_MSGSEND = YES;
				ENABLE_USER_SCRIPT_SANDBOXING = YES;
				GCC_C_LANGUAGE_STANDARD = gnu17;
				GCC_NO_COMMON_BLOCKS = YES;
				GCC_WARN_64_TO_32_BIT_CONVERSION = YES;
				GCC_WARN_ABOUT_RETURN_TYPE = YES_ERROR;
				GCC_WARN_UNDECLARED_SELECTOR = YES;
				GCC_WARN_UNINITIALIZED_AUTOS = YES_AGGRESSIVE;
				GCC_WARN_UNUSED_FUNCTION = YES;
				GCC_WARN_UNUSED_VARIABLE = YES;
				LOCALIZATION_PREFERS_STRING_CATALOGS = YES;
				MTL_ENABLE_DEBUG_INFO = NO;
				MTL_FAST_MATH = YES;
				PRODUCT_NAME = WebTimeMachine;
				SWIFT_COMPILATION_MODE = wholemodule;
			};
			name = Release;
		};
		84961ACD2B51C39C000471F8 /* Debug */ = {
			isa = XCBuildConfiguration;
			buildSettings = {
				CODE_SIGN_IDENTITY = "Apple Development";
				CODE_SIGN_STYLE = Automatic;
				CURRENT_PROJECT_VERSION = 33;
				DEVELOPMENT_TEAM = "";
				GENERATE_INFOPLIST_FILE = YES;
				INFOPLIST_FILE = "iOS (Extension)/Info.plist";
				INFOPLIST_KEY_CFBundleDisplayName = "proyectos Extension";
				INFOPLIST_KEY_NSHumanReadableCopyright = "";
				IPHONEOS_DEPLOYMENT_TARGET = 15.0;
				LD_RUNPATH_SEARCH_PATHS = (
					"$(inherited)",
					"@executable_path/Frameworks",
					"@executable_path/../../Frameworks",
				);
				MARKETING_VERSION = 1.0;
				OTHER_LDFLAGS = (
					"-framework",
					SafariServices,
				);
				PRODUCT_BUNDLE_IDENTIFIER = com.ttm246.app.Extension;
				PRODUCT_NAME = "proyectos Extension";
				PROVISIONING_PROFILE_SPECIFIER = "";
				SDKROOT = iphoneos;
				SKIP_INSTALL = YES;
				SWIFT_EMIT_LOC_STRINGS = YES;
				SWIFT_VERSION = 5.0;
				TARGETED_DEVICE_FAMILY = "1,2";
			};
			name = Debug;
		};
		84961ACE2B51C39C000471F8 /* Release */ = {
			isa = XCBuildConfiguration;
			buildSettings = {
				CODE_SIGN_IDENTITY = "Apple Development";
				"CODE_SIGN_IDENTITY[sdk=iphoneos*]" = "iPhone Distribution";
				CODE_SIGN_STYLE = Manual;
				CURRENT_PROJECT_VERSION = 33;
				DEVELOPMENT_TEAM = "";
				"DEVELOPMENT_TEAM[sdk=iphoneos*]" = 2858MX5336;
				GENERATE_INFOPLIST_FILE = YES;
				INFOPLIST_FILE = "iOS (Extension)/Info.plist";
				INFOPLIST_KEY_CFBundleDisplayName = "proyectos Extension";
				INFOPLIST_KEY_NSHumanReadableCopyright = "";
				IPHONEOS_DEPLOYMENT_TARGET = 15.0;
				LD_RUNPATH_SEARCH_PATHS = (
					"$(inherited)",
					"@executable_path/Frameworks",
					"@executable_path/../../Frameworks",
				);
				MARKETING_VERSION = 1.0;
				OTHER_LDFLAGS = (
					"-framework",
					SafariServices,
				);
				PRODUCT_BUNDLE_IDENTIFIER = com.ttm246.app.Extension;
				PRODUCT_NAME = "proyectos Extension";
				PROVISIONING_PROFILE_SPECIFIER = "";
				"PROVISIONING_PROFILE_SPECIFIER[sdk=iphoneos*]" = "match AppStore com.ttm246.app.Extension";
				SDKROOT = iphoneos;
				SKIP_INSTALL = YES;
				SWIFT_EMIT_LOC_STRINGS = YES;
				SWIFT_VERSION = 5.0;
				TARGETED_DEVICE_FAMILY = "1,2";
				VALIDATE_PRODUCT = YES;
			};
			name = Release;
		};
		84961AD12B51C39C000471F8 /* Debug */ = {
			isa = XCBuildConfiguration;
			buildSettings = {
				ASSETCATALOG_COMPILER_APPICON_NAME = AppIcon;
				ASSETCATALOG_COMPILER_GLOBAL_ACCENT_COLOR_NAME = AccentColor;
				ASSETCATALOG_COMPILER_INCLUDE_ALL_APPICON_ASSETS = YES;
				"CODE_SIGN_IDENTITY[sdk=iphoneos*]" = "iPhone Distribution";
				CODE_SIGN_STYLE = Manual;
				CURRENT_PROJECT_VERSION = 33;
				DEVELOPMENT_TEAM = "";
				"DEVELOPMENT_TEAM[sdk=iphoneos*]" = 2858MX5336;
				GENERATE_INFOPLIST_FILE = YES;
				INFOPLIST_FILE = "iOS (App)/Info.plist";
				INFOPLIST_KEY_CFBundleDisplayName = "Web Time Machine";
				INFOPLIST_KEY_LSApplicationCategoryType = "public.app-category.developer-tools";
				INFOPLIST_KEY_UIApplicationSupportsIndirectInputEvents = YES;
				INFOPLIST_KEY_UILaunchStoryboardName = LaunchScreen.storyboard;
				INFOPLIST_KEY_UIMainStoryboardFile = Main;
				INFOPLIST_KEY_UISupportedInterfaceOrientations = "UIInterfaceOrientationPortrait UIInterfaceOrientationLandscapeLeft UIInterfaceOrientationLandscapeRight";
				INFOPLIST_KEY_UISupportedInterfaceOrientations_iPad = "UIInterfaceOrientationPortrait UIInterfaceOrientationPortraitUpsideDown UIInterfaceOrientationLandscapeLeft UIInterfaceOrientationLandscapeRight";
				IPHONEOS_DEPLOYMENT_TARGET = 15.0;
				LD_RUNPATH_SEARCH_PATHS = (
					"$(inherited)",
					"@executable_path/Frameworks",
				);
				MARKETING_VERSION = 1.0;
				OTHER_LDFLAGS = (
					"-framework",
					SafariServices,
					"-framework",
					WebKit,
				);
				PRODUCT_BUNDLE_IDENTIFIER = com.ttm246.app;
				PRODUCT_NAME = WebTimeMachine;
				PROVISIONING_PROFILE_SPECIFIER = "";
				"PROVISIONING_PROFILE_SPECIFIER[sdk=iphoneos*]" = "match AppStore com.ttm246.app 1708013014";
				SDKROOT = iphoneos;
				SWIFT_EMIT_LOC_STRINGS = YES;
				SWIFT_VERSION = 5.0;
				TARGETED_DEVICE_FAMILY = "1,2";
			};
			name = Debug;
		};
		84961AD22B51C39C000471F8 /* Release */ = {
			isa = XCBuildConfiguration;
			buildSettings = {
				ASSETCATALOG_COMPILER_APPICON_NAME = AppIcon;
				ASSETCATALOG_COMPILER_GLOBAL_ACCENT_COLOR_NAME = AccentColor;
				ASSETCATALOG_COMPILER_INCLUDE_ALL_APPICON_ASSETS = YES;
				"CODE_SIGN_IDENTITY[sdk=iphoneos*]" = "iPhone Distribution";
				CODE_SIGN_STYLE = Manual;
				CURRENT_PROJECT_VERSION = 33;
				DEVELOPMENT_TEAM = "";
				"DEVELOPMENT_TEAM[sdk=iphoneos*]" = 2858MX5336;
				GENERATE_INFOPLIST_FILE = YES;
				INFOPLIST_FILE = "iOS (App)/Info.plist";
				INFOPLIST_KEY_CFBundleDisplayName = "Web Time Machine";
				INFOPLIST_KEY_LSApplicationCategoryType = "public.app-category.developer-tools";
				INFOPLIST_KEY_UIApplicationSupportsIndirectInputEvents = YES;
				INFOPLIST_KEY_UILaunchStoryboardName = LaunchScreen.storyboard;
				INFOPLIST_KEY_UIMainStoryboardFile = Main;
				INFOPLIST_KEY_UISupportedInterfaceOrientations = "UIInterfaceOrientationPortrait UIInterfaceOrientationLandscapeLeft UIInterfaceOrientationLandscapeRight";
				INFOPLIST_KEY_UISupportedInterfaceOrientations_iPad = "UIInterfaceOrientationPortrait UIInterfaceOrientationPortraitUpsideDown UIInterfaceOrientationLandscapeLeft UIInterfaceOrientationLandscapeRight";
				IPHONEOS_DEPLOYMENT_TARGET = 15.0;
				LD_RUNPATH_SEARCH_PATHS = (
					"$(inherited)",
					"@executable_path/Frameworks",
				);
				MARKETING_VERSION = 1.0;
				OTHER_LDFLAGS = (
					"-framework",
					SafariServices,
					"-framework",
					WebKit,
				);
				PRODUCT_BUNDLE_IDENTIFIER = com.ttm246.app;
				PRODUCT_NAME = WebTimeMachine;
				PROVISIONING_PROFILE_SPECIFIER = "";
				"PROVISIONING_PROFILE_SPECIFIER[sdk=iphoneos*]" = "match AppStore com.ttm246.app 1708013014";
				SDKROOT = iphoneos;
				SWIFT_EMIT_LOC_STRINGS = YES;
				SWIFT_VERSION = 5.0;
				TARGETED_DEVICE_FAMILY = "1,2";
				VALIDATE_PRODUCT = YES;
			};
			name = Release;
		};
		84961AD42B51C39C000471F8 /* Debug */ = {
			isa = XCBuildConfiguration;
			buildSettings = {
				CODE_SIGN_ENTITLEMENTS = "macOS (Extension)/proyectos.entitlements";
				"CODE_SIGN_IDENTITY[sdk=macosx*]" = "Apple Development";
				CODE_SIGN_STYLE = Automatic;
				CURRENT_PROJECT_VERSION = 33;
				DEVELOPMENT_TEAM = 2858MX5336;
				ENABLE_HARDENED_RUNTIME = YES;
				GENERATE_INFOPLIST_FILE = YES;
				INFOPLIST_FILE = "macOS (Extension)/Info.plist";
				INFOPLIST_KEY_CFBundleDisplayName = "proyectos Extension";
				INFOPLIST_KEY_NSHumanReadableCopyright = "";
				LD_RUNPATH_SEARCH_PATHS = (
					"$(inherited)",
					"@executable_path/../Frameworks",
					"@executable_path/../../../../Frameworks",
				);
				MACOSX_DEPLOYMENT_TARGET = 10.14;
				MARKETING_VERSION = 1.0;
				OTHER_LDFLAGS = (
					"-framework",
					SafariServices,
				);
				PRODUCT_BUNDLE_IDENTIFIER = com.ttm246.app.Extension;
				PRODUCT_NAME = "proyectos Extension";
				SDKROOT = macosx;
				SKIP_INSTALL = YES;
				SWIFT_EMIT_LOC_STRINGS = YES;
				SWIFT_VERSION = 5.0;
			};
			name = Debug;
		};
		84961AD52B51C39C000471F8 /* Release */ = {
			isa = XCBuildConfiguration;
			buildSettings = {
				CODE_SIGN_ENTITLEMENTS = "macOS (Extension)/proyectos.entitlements";
				"CODE_SIGN_IDENTITY[sdk=macosx*]" = "Apple Development";
				CODE_SIGN_STYLE = Automatic;
				CURRENT_PROJECT_VERSION = 33;
				DEVELOPMENT_TEAM = 2858MX5336;
				ENABLE_HARDENED_RUNTIME = YES;
				GENERATE_INFOPLIST_FILE = YES;
				INFOPLIST_FILE = "macOS (Extension)/Info.plist";
				INFOPLIST_KEY_CFBundleDisplayName = "proyectos Extension";
				INFOPLIST_KEY_NSHumanReadableCopyright = "";
				LD_RUNPATH_SEARCH_PATHS = (
					"$(inherited)",
					"@executable_path/../Frameworks",
					"@executable_path/../../../../Frameworks",
				);
				MACOSX_DEPLOYMENT_TARGET = 10.14;
				MARKETING_VERSION = 1.0;
				OTHER_LDFLAGS = (
					"-framework",
					SafariServices,
				);
				PRODUCT_BUNDLE_IDENTIFIER = com.ttm246.app.Extension;
				PRODUCT_NAME = "proyectos Extension";
				SDKROOT = macosx;
				SKIP_INSTALL = YES;
				SWIFT_EMIT_LOC_STRINGS = YES;
				SWIFT_VERSION = 5.0;
			};
			name = Release;
		};
		84961AD82B51C39C000471F8 /* Debug */ = {
			isa = XCBuildConfiguration;
			buildSettings = {
				ASSETCATALOG_COMPILER_APPICON_NAME = AppIcon;
				ASSETCATALOG_COMPILER_GLOBAL_ACCENT_COLOR_NAME = AccentColor;
				ASSETCATALOG_COMPILER_INCLUDE_ALL_APPICON_ASSETS = YES;
				CODE_SIGN_ENTITLEMENTS = "macOS (App)/proyectos.entitlements";
				"CODE_SIGN_IDENTITY[sdk=macosx*]" = "Apple Development";
				CODE_SIGN_STYLE = Automatic;
				CURRENT_PROJECT_VERSION = 33;
				DEVELOPMENT_TEAM = 2858MX5336;
				ENABLE_HARDENED_RUNTIME = YES;
				GENERATE_INFOPLIST_FILE = YES;
				INFOPLIST_FILE = "macOS (App)/Info.plist";
				INFOPLIST_KEY_CFBundleDisplayName = "Web Time Machine";
				INFOPLIST_KEY_NSMainStoryboardFile = Main;
				INFOPLIST_KEY_NSPrincipalClass = NSApplication;
				INFOPLIST_KEY_UILaunchStoryboardName = Main.storyboard;
				LD_RUNPATH_SEARCH_PATHS = (
					"$(inherited)",
					"@executable_path/../Frameworks",
				);
				MACOSX_DEPLOYMENT_TARGET = 10.14;
				MARKETING_VERSION = 1.0;
				OTHER_LDFLAGS = (
					"-framework",
					SafariServices,
					"-framework",
					WebKit,
				);
				PRODUCT_BUNDLE_IDENTIFIER = com.ttm246.app;
				PRODUCT_NAME = WebTimeMachine;
				SDKROOT = macosx;
				SWIFT_EMIT_LOC_STRINGS = YES;
				SWIFT_VERSION = 5.0;
			};
			name = Debug;
		};
		84961AD92B51C39C000471F8 /* Release */ = {
			isa = XCBuildConfiguration;
			buildSettings = {
				ASSETCATALOG_COMPILER_APPICON_NAME = AppIcon;
				ASSETCATALOG_COMPILER_GLOBAL_ACCENT_COLOR_NAME = AccentColor;
				ASSETCATALOG_COMPILER_INCLUDE_ALL_APPICON_ASSETS = YES;
				CODE_SIGN_ENTITLEMENTS = "macOS (App)/proyectos.entitlements";
				"CODE_SIGN_IDENTITY[sdk=macosx*]" = "Apple Development";
				CODE_SIGN_STYLE = Automatic;
				CURRENT_PROJECT_VERSION = 33;
				DEVELOPMENT_TEAM = 2858MX5336;
				ENABLE_HARDENED_RUNTIME = YES;
				GENERATE_INFOPLIST_FILE = YES;
				INFOPLIST_FILE = "macOS (App)/Info.plist";
				INFOPLIST_KEY_CFBundleDisplayName = "Web Time Machine";
				INFOPLIST_KEY_NSMainStoryboardFile = Main;
				INFOPLIST_KEY_NSPrincipalClass = NSApplication;
				INFOPLIST_KEY_UILaunchStoryboardName = Main.storyboard;
				LD_RUNPATH_SEARCH_PATHS = (
					"$(inherited)",
					"@executable_path/../Frameworks",
				);
				MACOSX_DEPLOYMENT_TARGET = 10.14;
				MARKETING_VERSION = 1.0;
				OTHER_LDFLAGS = (
					"-framework",
					SafariServices,
					"-framework",
					WebKit,
				);
				PRODUCT_BUNDLE_IDENTIFIER = com.ttm246.app;
				PRODUCT_NAME = WebTimeMachine;
				SDKROOT = macosx;
				SWIFT_EMIT_LOC_STRINGS = YES;
				SWIFT_VERSION = 5.0;
			};
			name = Release;
		};
/* End XCBuildConfiguration section */

/* Begin XCConfigurationList section */
		84961A7C2B51C39B000471F8 /* Build configuration list for PBXProject "Web-Time-Machine" */ = {
			isa = XCConfigurationList;
			buildConfigurations = (
				84961ACA2B51C39C000471F8 /* Debug */,
				84961ACB2B51C39C000471F8 /* Release */,
			);
			defaultConfigurationIsVisible = 0;
			defaultConfigurationName = Release;
		};
		84961ACC2B51C39C000471F8 /* Build configuration list for PBXNativeTarget "ttm Extension (iOS)" */ = {
			isa = XCConfigurationList;
			buildConfigurations = (
				84961ACD2B51C39C000471F8 /* Debug */,
				84961ACE2B51C39C000471F8 /* Release */,
			);
			defaultConfigurationIsVisible = 0;
			defaultConfigurationName = Release;
		};
		84961AD02B51C39C000471F8 /* Build configuration list for PBXNativeTarget "ttm (iOS)" */ = {
			isa = XCConfigurationList;
			buildConfigurations = (
				84961AD12B51C39C000471F8 /* Debug */,
				84961AD22B51C39C000471F8 /* Release */,
			);
			defaultConfigurationIsVisible = 0;
			defaultConfigurationName = Release;
		};
		84961AD32B51C39C000471F8 /* Build configuration list for PBXNativeTarget "ttm Extension (macOS)" */ = {
			isa = XCConfigurationList;
			buildConfigurations = (
				84961AD42B51C39C000471F8 /* Debug */,
				84961AD52B51C39C000471F8 /* Release */,
			);
			defaultConfigurationIsVisible = 0;
			defaultConfigurationName = Release;
		};
		84961AD72B51C39C000471F8 /* Build configuration list for PBXNativeTarget "ttm (macOS)" */ = {
			isa = XCConfigurationList;
			buildConfigurations = (
				84961AD82B51C39C000471F8 /* Debug */,
				84961AD92B51C39C000471F8 /* Release */,
			);
			defaultConfigurationIsVisible = 0;
			defaultConfigurationName = Release;
		};
/* End XCConfigurationList section */
	};
	rootObject = 84961A792B51C39B000471F8 /* Project object */;
}
